
Microsoft Visual Studio Solution File, Format Version 12.00
# Visual Studio Version 16
VisualStudioVersion = 16.0.30523.141
MinimumVisualStudioVersion = 10.0.40219.1
Project("{FAE04EC0-301F-11D3-BF4B-00C04F79EFBC}") = "DataBindingExample", "DataBindingExample\DataBindingExample.csproj", "{DA98B8E2-643B-4EF9-90BD-01BBF5BD9EB9}"
EndProject
Global
	GlobalSection(SolutionConfigurationPlatforms) = preSolution
		Debug|Any CPU = Debug|Any CPU
		Release|Any CPU = Release|Any CPU
	EndGlobalSection
	GlobalSection(ProjectConfigurationPlatforms) = postSolution
		{DA98B8E2-643B-4EF9-90BD-01BBF5BD9EB9}.Debug|Any CPU.ActiveCfg = Debug|Any CPU
		{DA98B8E2-643B-4EF9-90BD-01BBF5BD9EB9}.Debug|Any CPU.Build.0 = Debug|Any CPU
		{DA98B8E2-643B-4EF9-90BD-01BBF5BD9EB9}.Release|Any CPU.ActiveCfg = Release|Any CPU
		{DA98B8E2-643B-4EF9-90BD-01BBF5BD9EB9}.Release|Any CPU.Build.0 = Release|Any CPU
	EndGlobalSection
	GlobalSection(SolutionProperties) = preSolution
		HideSolutionNode = FALSE
	EndGlobalSection
	GlobalSection(ExtensibilityGlobals) = postSolution
		SolutionGuid = {2CE463C4-5123-41D6-A822-B9C6A0A163D5}
	EndGlobalSection
EndGlobal
